
Microsoft Visual Studio Solution File, Format Version 12.00
# Visual Studio 15
VisualStudioVersion = 15.0.27703.2018
MinimumVisualStudioVersion = 10.0.40219.1
Project("{FAE04EC0-301F-11D3-BF4B-00C04F79EFBC}") = "changing picture", "changing picture\changing picture.csproj", "{228F9F4D-D9B4-44D6-A6E9-B97D4760F81E}"
EndProject
Global
	GlobalSection(SolutionConfigurationPlatforms) = preSolution
		Debug|Any CPU = Debug|Any CPU
		Release|Any CPU = Release|Any CPU
	EndGlobalSection
	GlobalSection(ProjectConfigurationPlatforms) = postSolution
		{228F9F4D-D9B4-44D6-A6E9-B97D4760F81E}.Debug|Any CPU.ActiveCfg = Debug|Any CPU
		{228F9F4D-D9B4-44D6-A6E9-B97D4760F81E}.Debug|Any CPU.Build.0 = Debug|Any CPU
		{228F9F4D-D9B4-44D6-A6E9-B97D4760F81E}.Release|Any CPU.ActiveCfg = Release|Any CPU
		{228F9F4D-D9B4-44D6-A6E9-B97D4760F81E}.Release|Any CPU.Build.0 = Release|Any CPU
	EndGlobalSection
	GlobalSection(SolutionProperties) = preSolution
		HideSolutionNode = FALSE
	EndGlobalSection
	GlobalSection(ExtensibilityGlobals) = postSolution
		SolutionGuid = {0EE79802-5F47-4B1D-87BC-2E888E8433EB}
	EndGlobalSection
EndGlobal
